// !$*UTF8*$!
{
	archiveVersion = 1;
	classes = {
	};
	objectVersion = 56;
	objects = {

/* Begin PBXBuildFile section */
		B67ED6DD28F29D0400C2B004 /* CheatSheetIntermediateApp.swift in Sources */ = {isa = PBXBuildFile; fileRef = B67ED6DC28F29D0400C2B004 /* CheatSheetIntermediateApp.swift */; };
		B67ED6DF28F29D0400C2B004 /* ContentView.swift in Sources */ = {isa = PBXBuildFile; fileRef = B67ED6DE28F29D0400C2B004 /* ContentView.swift */; };
		B67ED6E128F29D0600C2B004 /* Assets.xcassets in Resources */ = {isa = PBXBuildFile; fileRef = B67ED6E028F29D0600C2B004 /* Assets.xcassets */; };
		B67ED6E428F29D0600C2B004 /* Preview Assets.xcassets in Resources */ = {isa = PBXBuildFile; fileRef = B67ED6E328F29D0600C2B004 /* Preview Assets.xcassets */; };
		B67ED6EB28F29D6C00C2B004 /* LongPressGestureExample.swift in Sources */ = {isa = PBXBuildFile; fileRef = B67ED6EA28F29D6C00C2B004 /* LongPressGestureExample.swift */; };
		B67ED6ED28F2A30100C2B004 /* MagnificationGestureExample.swift in Sources */ = {isa = PBXBuildFile; fileRef = B67ED6EC28F2A30100C2B004 /* MagnificationGestureExample.swift */; };
		B67ED6EF28F2A74F00C2B004 /* RotationGestureExample.swift in Sources */ = {isa = PBXBuildFile; fileRef = B67ED6EE28F2A74F00C2B004 /* RotationGestureExample.swift */; };
		B67ED6F128F2A97000C2B004 /* DragGestureExample.swift in Sources */ = {isa = PBXBuildFile; fileRef = B67ED6F028F2A97000C2B004 /* DragGestureExample.swift */; };
		B67ED6F328F2AE8C00C2B004 /* DragGesture2Example.swift in Sources */ = {isa = PBXBuildFile; fileRef = B67ED6F228F2AE8C00C2B004 /* DragGesture2Example.swift */; };
		B67ED6F528F7DCA500C2B004 /* ScrollViewReaderExample.swift in Sources */ = {isa = PBXBuildFile; fileRef = B67ED6F428F7DCA500C2B004 /* ScrollViewReaderExample.swift */; };
		B67ED6F728F7E36500C2B004 /* GeometryReaderExample.swift in Sources */ = {isa = PBXBuildFile; fileRef = B67ED6F628F7E36500C2B004 /* GeometryReaderExample.swift */; };
		B67ED6F928F7FB5A00C2B004 /* MultipleSheetsExample.swift in Sources */ = {isa = PBXBuildFile; fileRef = B67ED6F828F7FB5A00C2B004 /* MultipleSheetsExample.swift */; };
		B67ED6FB28F91FC700C2B004 /* MaskExample.swift in Sources */ = {isa = PBXBuildFile; fileRef = B67ED6FA28F91FC700C2B004 /* MaskExample.swift */; };
		B67ED6FD28F959BA00C2B004 /* SoundsExample.swift in Sources */ = {isa = PBXBuildFile; fileRef = B67ED6FC28F959BA00C2B004 /* SoundsExample.swift */; };
		B67ED70128F95C8B00C2B004 /* Duck-quack.mp3 in Resources */ = {isa = PBXBuildFile; fileRef = B67ED6FF28F95C8B00C2B004 /* Duck-quack.mp3 */; };
		B67ED70228F95C8B00C2B004 /* Cow-moo-sound.mp3 in Resources */ = {isa = PBXBuildFile; fileRef = B67ED70028F95C8B00C2B004 /* Cow-moo-sound.mp3 */; };
		B67ED70428F95F8000C2B004 /* HapticsExample.swift in Sources */ = {isa = PBXBuildFile; fileRef = B67ED70328F95F8000C2B004 /* HapticsExample.swift */; };
		B67ED70628F965E400C2B004 /* LocalNotificationExample.swift in Sources */ = {isa = PBXBuildFile; fileRef = B67ED70528F965E400C2B004 /* LocalNotificationExample.swift */; };
		B67ED70828F9934100C2B004 /* HashableExample.swift in Sources */ = {isa = PBXBuildFile; fileRef = B67ED70728F9934100C2B004 /* HashableExample.swift */; };
		B67ED70A28F9967200C2B004 /* ArraysExample.swift in Sources */ = {isa = PBXBuildFile; fileRef = B67ED70928F9967200C2B004 /* ArraysExample.swift */; };
/* End PBXBuildFile section */

/* Begin PBXFileReference section */
		B67ED6D928F29D0400C2B004 /* CheatSheetIntermediate.app */ = {isa = PBXFileReference; explicitFileType = wrapper.application; includeInIndex = 0; path = CheatSheetIntermediate.app; sourceTree = BUILT_PRODUCTS_DIR; };
		B67ED6DC28F29D0400C2B004 /* CheatSheetIntermediateApp.swift */ = {isa = PBXFileReference; lastKnownFileType = sourcecode.swift; path = CheatSheetIntermediateApp.swift; sourceTree = "<group>"; };
		B67ED6DE28F29D0400C2B004 /* ContentView.swift */ = {isa = PBXFileReference; lastKnownFileType = sourcecode.swift; path = ContentView.swift; sourceTree = "<group>"; };
		B67ED6E028F29D0600C2B004 /* Assets.xcassets */ = {isa = PBXFileReference; lastKnownFileType = folder.assetcatalog; path = Assets.xcassets; sourceTree = "<group>"; };
		B67ED6E328F29D0600C2B004 /* Preview Assets.xcassets */ = {isa = PBXFileReference; lastKnownFileType = folder.assetcatalog; path = "Preview Assets.xcassets"; sourceTree = "<group>"; };
		B67ED6EA28F29D6C00C2B004 /* LongPressGestureExample.swift */ = {isa = PBXFileReference; lastKnownFileType = sourcecode.swift; path = LongPressGestureExample.swift; sourceTree = "<group>"; };
		B67ED6EC28F2A30100C2B004 /* MagnificationGestureExample.swift */ = {isa = PBXFileReference; lastKnownFileType = sourcecode.swift; path = MagnificationGestureExample.swift; sourceTree = "<group>"; };
		B67ED6EE28F2A74F00C2B004 /* RotationGestureExample.swift */ = {isa = PBXFileReference; lastKnownFileType = sourcecode.swift; path = RotationGestureExample.swift; sourceTree = "<group>"; };
		B67ED6F028F2A97000C2B004 /* DragGestureExample.swift */ = {isa = PBXFileReference; lastKnownFileType = sourcecode.swift; path = DragGestureExample.swift; sourceTree = "<group>"; };
		B67ED6F228F2AE8C00C2B004 /* DragGesture2Example.swift */ = {isa = PBXFileReference; lastKnownFileType = sourcecode.swift; path = DragGesture2Example.swift; sourceTree = "<group>"; };
		B67ED6F428F7DCA500C2B004 /* ScrollViewReaderExample.swift */ = {isa = PBXFileReference; lastKnownFileType = sourcecode.swift; path = ScrollViewReaderExample.swift; sourceTree = "<group>"; };
		B67ED6F628F7E36500C2B004 /* GeometryReaderExample.swift */ = {isa = PBXFileReference; lastKnownFileType = sourcecode.swift; path = GeometryReaderExample.swift; sourceTree = "<group>"; };
		B67ED6F828F7FB5A00C2B004 /* MultipleSheetsExample.swift */ = {isa = PBXFileReference; lastKnownFileType = sourcecode.swift; path = MultipleSheetsExample.swift; sourceTree = "<group>"; };
		B67ED6FA28F91FC700C2B004 /* MaskExample.swift */ = {isa = PBXFileReference; lastKnownFileType = sourcecode.swift; path = MaskExample.swift; sourceTree = "<group>"; };
		B67ED6FC28F959BA00C2B004 /* SoundsExample.swift */ = {isa = PBXFileReference; lastKnownFileType = sourcecode.swift; path = SoundsExample.swift; sourceTree = "<group>"; };
		B67ED6FF28F95C8B00C2B004 /* Duck-quack.mp3 */ = {isa = PBXFileReference; lastKnownFileType = audio.mp3; path = "Duck-quack.mp3"; sourceTree = "<group>"; };
		B67ED70028F95C8B00C2B004 /* Cow-moo-sound.mp3 */ = {isa = PBXFileReference; lastKnownFileType = audio.mp3; path = "Cow-moo-sound.mp3"; sourceTree = "<group>"; };
		B67ED70328F95F8000C2B004 /* HapticsExample.swift */ = {isa = PBXFileReference; lastKnownFileType = sourcecode.swift; path = HapticsExample.swift; sourceTree = "<group>"; };
		B67ED70528F965E400C2B004 /* LocalNotificationExample.swift */ = {isa = PBXFileReference; lastKnownFileType = sourcecode.swift; path = LocalNotificationExample.swift; sourceTree = "<group>"; };
		B67ED70728F9934100C2B004 /* HashableExample.swift */ = {isa = PBXFileReference; lastKnownFileType = sourcecode.swift; path = HashableExample.swift; sourceTree = "<group>"; };
		B67ED70928F9967200C2B004 /* ArraysExample.swift */ = {isa = PBXFileReference; lastKnownFileType = sourcecode.swift; path = ArraysExample.swift; sourceTree = "<group>"; };
/* End PBXFileReference section */

/* Begin PBXFrameworksBuildPhase section */
		B67ED6D628F29D0400C2B004 /* Frameworks */ = {
			isa = PBXFrameworksBuildPhase;
			buildActionMask = 2147483647;
			files = (
			);
			runOnlyForDeploymentPostprocessing = 0;
		};
/* End PBXFrameworksBuildPhase section */

/* Begin PBXGroup section */
		B67ED6D028F29D0400C2B004 = {
			isa = PBXGroup;
			children = (
				B67ED6DB28F29D0400C2B004 /* CheatSheetIntermediate */,
				B67ED6DA28F29D0400C2B004 /* Products */,
			);
			sourceTree = "<group>";
		};
		B67ED6DA28F29D0400C2B004 /* Products */ = {
			isa = PBXGroup;
			children = (
				B67ED6D928F29D0400C2B004 /* CheatSheetIntermediate.app */,
			);
			name = Products;
			sourceTree = "<group>";
		};
		B67ED6DB28F29D0400C2B004 /* CheatSheetIntermediate */ = {
			isa = PBXGroup;
			children = (
				B67ED6DC28F29D0400C2B004 /* CheatSheetIntermediateApp.swift */,
				B67ED6DE28F29D0400C2B004 /* ContentView.swift */,
				B67ED6EA28F29D6C00C2B004 /* LongPressGestureExample.swift */,
				B67ED70928F9967200C2B004 /* ArraysExample.swift */,
				B67ED70528F965E400C2B004 /* LocalNotificationExample.swift */,
				B67ED6F028F2A97000C2B004 /* DragGestureExample.swift */,
				B67ED6EC28F2A30100C2B004 /* MagnificationGestureExample.swift */,
				B67ED6F828F7FB5A00C2B004 /* MultipleSheetsExample.swift */,
				B67ED6FA28F91FC700C2B004 /* MaskExample.swift */,
				B67ED6F228F2AE8C00C2B004 /* DragGesture2Example.swift */,
				B67ED6EE28F2A74F00C2B004 /* RotationGestureExample.swift */,
				B67ED6F428F7DCA500C2B004 /* ScrollViewReaderExample.swift */,
				B67ED6F628F7E36500C2B004 /* GeometryReaderExample.swift */,
				B67ED6FC28F959BA00C2B004 /* SoundsExample.swift */,
				B67ED70328F95F8000C2B004 /* HapticsExample.swift */,
				B67ED70728F9934100C2B004 /* HashableExample.swift */,
				B67ED6FE28F95C2800C2B004 /* Sounds */,
				B67ED6E028F29D0600C2B004 /* Assets.xcassets */,
				B67ED6E228F29D0600C2B004 /* Preview Content */,
			);
			path = CheatSheetIntermediate;
			sourceTree = "<group>";
		};
		B67ED6E228F29D0600C2B004 /* Preview Content */ = {
			isa = PBXGroup;
			children = (
				B67ED6E328F29D0600C2B004 /* Preview Assets.xcassets */,
			);
			path = "Preview Content";
			sourceTree = "<group>";
		};
		B67ED6FE28F95C2800C2B004 /* Sounds */ = {
			isa = PBXGroup;
			children = (
				B67ED70028F95C8B00C2B004 /* Cow-moo-sound.mp3 */,
				B67ED6FF28F95C8B00C2B004 /* Duck-quack.mp3 */,
			);
			path = Sounds;
			sourceTree = "<group>";
		};
/* End PBXGroup section */

/* Begin PBXNativeTarget section */
		B67ED6D828F29D0400C2B004 /* CheatSheetIntermediate */ = {
			isa = PBXNativeTarget;
			buildConfigurationList = B67ED6E728F29D0600C2B004 /* Build configuration list for PBXNativeTarget "CheatSheetIntermediate" */;
			buildPhases = (
				B67ED6D528F29D0400C2B004 /* Sources */,
				B67ED6D628F29D0400C2B004 /* Frameworks */,
				B67ED6D728F29D0400C2B004 /* Resources */,
			);
			buildRules = (
			);
			dependencies = (
			);
			name = CheatSheetIntermediate;
			productName = CheatSheetIntermediate;
			productReference = B67ED6D928F29D0400C2B004 /* CheatSheetIntermediate.app */;
			productType = "com.apple.product-type.application";
		};
/* End PBXNativeTarget section */

/* Begin PBXProject section */
		B67ED6D128F29D0400C2B004 /* Project object */ = {
			isa = PBXProject;
			attributes = {
				BuildIndependentTargetsInParallel = 1;
				LastSwiftUpdateCheck = 1400;
				LastUpgradeCheck = 1400;
				TargetAttributes = {
					B67ED6D828F29D0400C2B004 = {
						CreatedOnToolsVersion = 14.0.1;
					};
				};
			};
			buildConfigurationList = B67ED6D428F29D0400C2B004 /* Build configuration list for PBXProject "CheatSheetIntermediate" */;
			compatibilityVersion = "Xcode 14.0";
			developmentRegion = en;
			hasScannedForEncodings = 0;
			knownRegions = (
				en,
				Base,
			);
			mainGroup = B67ED6D028F29D0400C2B004;
			productRefGroup = B67ED6DA28F29D0400C2B004 /* Products */;
			projectDirPath = "";
			projectRoot = "";
			targets = (
				B67ED6D828F29D0400C2B004 /* CheatSheetIntermediate */,
			);
		};
/* End PBXProject section */

/* Begin PBXResourcesBuildPhase section */
		B67ED6D728F29D0400C2B004 /* Resources */ = {
			isa = PBXResourcesBuildPhase;
			buildActionMask = 2147483647;
			files = (
				B67ED70128F95C8B00C2B004 /* Duck-quack.mp3 in Resources */,
				B67ED6E428F29D0600C2B004 /* Preview Assets.xcassets in Resources */,
				B67ED70228F95C8B00C2B004 /* Cow-moo-sound.mp3 in Resources */,
				B67ED6E128F29D0600C2B004 /* Assets.xcassets in Resources */,
			);
			runOnlyForDeploymentPostprocessing = 0;
		};
/* End PBXResourcesBuildPhase section */

/* Begin PBXSourcesBuildPhase section */
		B67ED6D528F29D0400C2B004 /* Sources */ = {
			isa = PBXSourcesBuildPhase;
			buildActionMask = 2147483647;
			files = (
				B67ED70828F9934100C2B004 /* HashableExample.swift in Sources */,
				B67ED6ED28F2A30100C2B004 /* MagnificationGestureExample.swift in Sources */,
				B67ED6F528F7DCA500C2B004 /* ScrollViewReaderExample.swift in Sources */,
				B67ED6F328F2AE8C00C2B004 /* DragGesture2Example.swift in Sources */,
				B67ED6EB28F29D6C00C2B004 /* LongPressGestureExample.swift in Sources */,
				B67ED6EF28F2A74F00C2B004 /* RotationGestureExample.swift in Sources */,
				B67ED6FB28F91FC700C2B004 /* MaskExample.swift in Sources */,
				B67ED6FD28F959BA00C2B004 /* SoundsExample.swift in Sources */,
				B67ED6F728F7E36500C2B004 /* GeometryReaderExample.swift in Sources */,
				B67ED6DF28F29D0400C2B004 /* ContentView.swift in Sources */,
				B67ED6F128F2A97000C2B004 /* DragGestureExample.swift in Sources */,
				B67ED70428F95F8000C2B004 /* HapticsExample.swift in Sources */,
				B67ED70A28F9967200C2B004 /* ArraysExample.swift in Sources */,
				B67ED70628F965E400C2B004 /* LocalNotificationExample.swift in Sources */,
				B67ED6F928F7FB5A00C2B004 /* MultipleSheetsExample.swift in Sources */,
				B67ED6DD28F29D0400C2B004 /* CheatSheetIntermediateApp.swift in Sources */,
			);
			runOnlyForDeploymentPostprocessing = 0;
		};
/* End PBXSourcesBuildPhase section */

/* Begin XCBuildConfiguration section */
		B67ED6E528F29D0600C2B004 /* Debug */ = {
			isa = XCBuildConfiguration;
			buildSettings = {
				ALWAYS_SEARCH_USER_PATHS = NO;
				CLANG_ANALYZER_NONNULL = YES;
				CLANG_ANALYZER_NUMBER_OBJECT_CONVERSION = YES_AGGRESSIVE;
				CLANG_CXX_LANGUAGE_STANDARD = "gnu++20";
				CLANG_ENABLE_MODULES = YES;
				CLANG_ENABLE_OBJC_ARC = YES;
				CLANG_ENABLE_OBJC_WEAK = YES;
				CLANG_WARN_BLOCK_CAPTURE_AUTORELEASING = YES;
				CLANG_WARN_BOOL_CONVERSION = YES;
				CLANG_WARN_COMMA = YES;
				CLANG_WARN_CONSTANT_CONVERSION = YES;
				CLANG_WARN_DEPRECATED_OBJC_IMPLEMENTATIONS = YES;
				CLANG_WARN_DIRECT_OBJC_ISA_USAGE = YES_ERROR;
				CLANG_WARN_DOCUMENTATION_COMMENTS = YES;
				CLANG_WARN_EMPTY_BODY = YES;
				CLANG_WARN_ENUM_CONVERSION = YES;
				CLANG_WARN_INFINITE_RECURSION = YES;
				CLANG_WARN_INT_CONVERSION = YES;
				CLANG_WARN_NON_LITERAL_NULL_CONVERSION = YES;
				CLANG_WARN_OBJC_IMPLICIT_RETAIN_SELF = YES;
				CLANG_WARN_OBJC_LITERAL_CONVERSION = YES;
				CLANG_WARN_OBJC_ROOT_CLASS = YES_ERROR;
				CLANG_WARN_QUOTED_INCLUDE_IN_FRAMEWORK_HEADER = YES;
				CLANG_WARN_RANGE_LOOP_ANALYSIS = YES;
				CLANG_WARN_STRICT_PROTOTYPES = YES;
				CLANG_WARN_SUSPICIOUS_MOVE = YES;
				CLANG_WARN_UNGUARDED_AVAILABILITY = YES_AGGRESSIVE;
				CLANG_WARN_UNREACHABLE_CODE = YES;
				CLANG_WARN__DUPLICATE_METHOD_MATCH = YES;
				COPY_PHASE_STRIP = NO;
				DEBUG_INFORMATION_FORMAT = dwarf;
				ENABLE_STRICT_OBJC_MSGSEND = YES;
				ENABLE_TESTABILITY = YES;
				GCC_C_LANGUAGE_STANDARD = gnu11;
				GCC_DYNAMIC_NO_PIC = NO;
				GCC_NO_COMMON_BLOCKS = YES;
				GCC_OPTIMIZATION_LEVEL = 0;
				GCC_PREPROCESSOR_DEFINITIONS = (
					"DEBUG=1",
					"$(inherited)",
				);
				GCC_WARN_64_TO_32_BIT_CONVERSION = YES;
				GCC_WARN_ABOUT_RETURN_TYPE = YES_ERROR;
				GCC_WARN_UNDECLARED_SELECTOR = YES;
				GCC_WARN_UNINITIALIZED_AUTOS = YES_AGGRESSIVE;
				GCC_WARN_UNUSED_FUNCTION = YES;
				GCC_WARN_UNUSED_VARIABLE = YES;
				IPHONEOS_DEPLOYMENT_TARGET = 16.0;
				MTL_ENABLE_DEBUG_INFO = INCLUDE_SOURCE;
				MTL_FAST_MATH = YES;
				ONLY_ACTIVE_ARCH = YES;
				SDKROOT = iphoneos;
				SWIFT_ACTIVE_COMPILATION_CONDITIONS = DEBUG;
				SWIFT_OPTIMIZATION_LEVEL = "-Onone";
			};
			name = Debug;
		};
		B67ED6E628F29D0600C2B004 /* Release */ = {
			isa = XCBuildConfiguration;
			buildSettings = {
				ALWAYS_SEARCH_USER_PATHS = NO;
				CLANG_ANALYZER_NONNULL = YES;
				CLANG_ANALYZER_NUMBER_OBJECT_CONVERSION = YES_AGGRESSIVE;
				CLANG_CXX_LANGUAGE_STANDARD = "gnu++20";
				CLANG_ENABLE_MODULES = YES;
				CLANG_ENABLE_OBJC_ARC = YES;
				CLANG_ENABLE_OBJC_WEAK = YES;
				CLANG_WARN_BLOCK_CAPTURE_AUTORELEASING = YES;
				CLANG_WARN_BOOL_CONVERSION = YES;
				CLANG_WARN_COMMA = YES;
				CLANG_WARN_CONSTANT_CONVERSION = YES;
				CLANG_WARN_DEPRECATED_OBJC_IMPLEMENTATIONS = YES;
				CLANG_WARN_DIRECT_OBJC_ISA_USAGE = YES_ERROR;
				CLANG_WARN_DOCUMENTATION_COMMENTS = YES;
				CLANG_WARN_EMPTY_BODY = YES;
				CLANG_WARN_ENUM_CONVERSION = YES;
				CLANG_WARN_INFINITE_RECURSION = YES;
				CLANG_WARN_INT_CONVERSION = YES;
				CLANG_WARN_NON_LITERAL_NULL_CONVERSION = YES;
				CLANG_WARN_OBJC_IMPLICIT_RETAIN_SELF = YES;
				CLANG_WARN_OBJC_LITERAL_CONVERSION = YES;
				CLANG_WARN_OBJC_ROOT_CLASS = YES_ERROR;
				CLANG_WARN_QUOTED_INCLUDE_IN_FRAMEWORK_HEADER = YES;
				CLANG_WARN_RANGE_LOOP_ANALYSIS = YES;
				CLANG_WARN_STRICT_PROTOTYPES = YES;
				CLANG_WARN_SUSPICIOUS_MOVE = YES;
				CLANG_WARN_UNGUARDED_AVAILABILITY = YES_AGGRESSIVE;
				CLANG_WARN_UNREACHABLE_CODE = YES;
				CLANG_WARN__DUPLICATE_METHOD_MATCH = YES;
				COPY_PHASE_STRIP = NO;
				DEBUG_INFORMATION_FORMAT = "dwarf-with-dsym";
				ENABLE_NS_ASSERTIONS = NO;
				ENABLE_STRICT_OBJC_MSGSEND = YES;
				GCC_C_LANGUAGE_STANDARD = gnu11;
				GCC_NO_COMMON_BLOCKS = YES;
				GCC_WARN_64_TO_32_BIT_CONVERSION = YES;
				GCC_WARN_ABOUT_RETURN_TYPE = YES_ERROR;
				GCC_WARN_UNDECLARED_SELECTOR = YES;
				GCC_WARN_UNINITIALIZED_AUTOS = YES_AGGRESSIVE;
				GCC_WARN_UNUSED_FUNCTION = YES;
				GCC_WARN_UNUSED_VARIABLE = YES;
				IPHONEOS_DEPLOYMENT_TARGET = 16.0;
				MTL_ENABLE_DEBUG_INFO = NO;
				MTL_FAST_MATH = YES;
				SDKROOT = iphoneos;
				SWIFT_COMPILATION_MODE = wholemodule;
				SWIFT_OPTIMIZATION_LEVEL = "-O";
				VALIDATE_PRODUCT = YES;
			};
			name = Release;
		};
		B67ED6E828F29D0600C2B004 /* Debug */ = {
			isa = XCBuildConfiguration;
			buildSettings = {
				ASSETCATALOG_COMPILER_APPICON_NAME = AppIcon;
				ASSETCATALOG_COMPILER_GLOBAL_ACCENT_COLOR_NAME = AccentColor;
				CODE_SIGN_STYLE = Automatic;
				CURRENT_PROJECT_VERSION = 1;
				DEVELOPMENT_ASSET_PATHS = "\"CheatSheetIntermediate/Preview Content\"";
				DEVELOPMENT_TEAM = 3D5H55Z4KP;
				ENABLE_PREVIEWS = YES;
				GENERATE_INFOPLIST_FILE = YES;
				INFOPLIST_KEY_UIApplicationSceneManifest_Generation = YES;
				INFOPLIST_KEY_UIApplicationSupportsIndirectInputEvents = YES;
				INFOPLIST_KEY_UILaunchScreen_Generation = YES;
				INFOPLIST_KEY_UISupportedInterfaceOrientations_iPad = "UIInterfaceOrientationPortrait UIInterfaceOrientationPortraitUpsideDown UIInterfaceOrientationLandscapeLeft UIInterfaceOrientationLandscapeRight";
				INFOPLIST_KEY_UISupportedInterfaceOrientations_iPhone = "UIInterfaceOrientationPortrait UIInterfaceOrientationLandscapeLeft UIInterfaceOrientationLandscapeRight";
				LD_RUNPATH_SEARCH_PATHS = (
					"$(inherited)",
					"@executable_path/Frameworks",
				);
				MARKETING_VERSION = 1.0;
				PRODUCT_BUNDLE_IDENTIFIER = com.zachary.CheatSheetIntermediate;
				PRODUCT_NAME = "$(TARGET_NAME)";
				SWIFT_EMIT_LOC_STRINGS = YES;
				SWIFT_VERSION = 5.0;
				TARGETED_DEVICE_FAMILY = "1,2";
			};
			name = Debug;
		};
		B67ED6E928F29D0600C2B004 /* Release */ = {
			isa = XCBuildConfiguration;
			buildSettings = {
				ASSETCATALOG_COMPILER_APPICON_NAME = AppIcon;
				ASSETCATALOG_COMPILER_GLOBAL_ACCENT_COLOR_NAME = AccentColor;
				CODE_SIGN_STYLE = Automatic;
				CURRENT_PROJECT_VERSION = 1;
				DEVELOPMENT_ASSET_PATHS = "\"CheatSheetIntermediate/Preview Content\"";
				DEVELOPMENT_TEAM = 3D5H55Z4KP;
				ENABLE_PREVIEWS = YES;
				GENERATE_INFOPLIST_FILE = YES;
				INFOPLIST_KEY_UIApplicationSceneManifest_Generation = YES;
				INFOPLIST_KEY_UIApplicationSupportsIndirectInputEvents = YES;
				INFOPLIST_KEY_UILaunchScreen_Generation = YES;
				INFOPLIST_KEY_UISupportedInterfaceOrientations_iPad = "UIInterfaceOrientationPortrait UIInterfaceOrientationPortraitUpsideDown UIInterfaceOrientationLandscapeLeft UIInterfaceOrientationLandscapeRight";
				INFOPLIST_KEY_UISupportedInterfaceOrientations_iPhone = "UIInterfaceOrientationPortrait UIInterfaceOrientationLandscapeLeft UIInterfaceOrientationLandscapeRight";
				LD_RUNPATH_SEARCH_PATHS = (
					"$(inherited)",
					"@executable_path/Frameworks",
				);
				MARKETING_VERSION = 1.0;
				PRODUCT_BUNDLE_IDENTIFIER = com.zachary.CheatSheetIntermediate;
				PRODUCT_NAME = "$(TARGET_NAME)";
				SWIFT_EMIT_LOC_STRINGS = YES;
				SWIFT_VERSION = 5.0;
				TARGETED_DEVICE_FAMILY = "1,2";
			};
			name = Release;
		};
/* End XCBuildConfiguration section */

/* Begin XCConfigurationList section */
		B67ED6D428F29D0400C2B004 /* Build configuration list for PBXProject "CheatSheetIntermediate" */ = {
			isa = XCConfigurationList;
			buildConfigurations = (
				B67ED6E528F29D0600C2B004 /* Debug */,
				B67ED6E628F29D0600C2B004 /* Release */,
			);
			defaultConfigurationIsVisible = 0;
			defaultConfigurationName = Release;
		};
		B67ED6E728F29D0600C2B004 /* Build configuration list for PBXNativeTarget "CheatSheetIntermediate" */ = {
			isa = XCConfigurationList;
			buildConfigurations = (
				B67ED6E828F29D0600C2B004 /* Debug */,
				B67ED6E928F29D0600C2B004 /* Release */,
			);
			defaultConfigurationIsVisible = 0;
			defaultConfigurationName = Release;
		};
/* End XCConfigurationList section */
	};
	rootObject = B67ED6D128F29D0400C2B004 /* Project object */;
}
